{
  "name": "ReactNativeOidc",
  "version": "0.0.1",
  "lockfileVersion": 1,
  "requires": true,
  "dependencies": {
    "react-native-app-auth": {
      "version": "1.0.1",
      "resolved": "https://registry.npmjs.org/react-native-app-auth/-/react-native-app-auth-1.0.1.tgz",
      "integrity": "sha512-wb5YRZJm1Yymx7i2IU4/i3kLiYCYA0AM9Mj07nkjxYVL5KF50cOadcBpmJokMZKhdc7jLv6Pb9yp2ltKms7iGQ=="
    }
  }
}
